
Microsoft Visual Studio Solution File, Format Version 12.00
# Visual Studio Version 16
VisualStudioVersion = 16.0.29318.209
MinimumVisualStudioVersion = 10.0.40219.1
Project("{FAE04EC0-301F-11D3-BF4B-00C04F79EFBC}") = "ConsolePlayground", "ConsolePlayground\ConsolePlayground.csproj", "{B3BDDD78-B5D0-4641-8CB4-19E7F347B86D}"
EndProject
Global
	GlobalSection(SolutionConfigurationPlatforms) = preSolution
		Debug|Any CPU = Debug|Any CPU
		Release|Any CPU = Release|Any CPU
	EndGlobalSection
	GlobalSection(ProjectConfigurationPlatforms) = postSolution
		{B3BDDD78-B5D0-4641-8CB4-19E7F347B86D}.Debug|Any CPU.ActiveCfg = Debug|Any CPU
		{B3BDDD78-B5D0-4641-8CB4-19E7F347B86D}.Debug|Any CPU.Build.0 = Debug|Any CPU
		{B3BDDD78-B5D0-4641-8CB4-19E7F347B86D}.Release|Any CPU.ActiveCfg = Release|Any CPU
		{B3BDDD78-B5D0-4641-8CB4-19E7F347B86D}.Release|Any CPU.Build.0 = Release|Any CPU
	EndGlobalSection
	GlobalSection(SolutionProperties) = preSolution
		HideSolutionNode = FALSE
	EndGlobalSection
	GlobalSection(ExtensibilityGlobals) = postSolution
		SolutionGuid = {02E2E5EE-9380-45A9-BE0D-A0B47E965E24}
	EndGlobalSection
EndGlobal
